
Microsoft Visual Studio Solution File, Format Version 12.00
# Visual Studio Version 17
VisualStudioVersion = 17.11.35327.3
MinimumVisualStudioVersion = 10.0.40219.1
Project("{FAE04EC0-301F-11D3-BF4B-00C04F79EFBC}") = "ECUACION", "ECUACION\ECUACION.csproj", "{A637CDDF-0262-49FC-9CC6-49FAFAD9A596}"
EndProject
Global
	GlobalSection(SolutionConfigurationPlatforms) = preSolution
		Debug|Any CPU = Debug|Any CPU
		Release|Any CPU = Release|Any CPU
	EndGlobalSection
	GlobalSection(ProjectConfigurationPlatforms) = postSolution
		{A637CDDF-0262-49FC-9CC6-49FAFAD9A596}.Debug|Any CPU.ActiveCfg = Debug|Any CPU
		{A637CDDF-0262-49FC-9CC6-49FAFAD9A596}.Debug|Any CPU.Build.0 = Debug|Any CPU
		{A637CDDF-0262-49FC-9CC6-49FAFAD9A596}.Release|Any CPU.ActiveCfg = Release|Any CPU
		{A637CDDF-0262-49FC-9CC6-49FAFAD9A596}.Release|Any CPU.Build.0 = Release|Any CPU
	EndGlobalSection
	GlobalSection(SolutionProperties) = preSolution
		HideSolutionNode = FALSE
	EndGlobalSection
	GlobalSection(ExtensibilityGlobals) = postSolution
		SolutionGuid = {1FFDB59B-93F4-4A94-8AA9-11070DFE5553}
	EndGlobalSection
EndGlobal
